
Microsoft Visual Studio Solution File, Format Version 12.00
# Visual Studio Version 17
VisualStudioVersion = 17.10.35013.160
MinimumVisualStudioVersion = 10.0.40219.1
Project("{FAE04EC0-301F-11D3-BF4B-00C04F79EFBC}") = "TokoviNovca", "TokoviNovca\TokoviNovca.csproj", "{1520D672-A4EC-4EC6-B5C8-5544B92429FB}"
EndProject
Global
	GlobalSection(SolutionConfigurationPlatforms) = preSolution
		Debug|Any CPU = Debug|Any CPU
		Release|Any CPU = Release|Any CPU
	EndGlobalSection
	GlobalSection(ProjectConfigurationPlatforms) = postSolution
		{1520D672-A4EC-4EC6-B5C8-5544B92429FB}.Debug|Any CPU.ActiveCfg = Debug|Any CPU
		{1520D672-A4EC-4EC6-B5C8-5544B92429FB}.Debug|Any CPU.Build.0 = Debug|Any CPU
		{1520D672-A4EC-4EC6-B5C8-5544B92429FB}.Debug|Any CPU.Deploy.0 = Debug|Any CPU
		{1520D672-A4EC-4EC6-B5C8-5544B92429FB}.Release|Any CPU.ActiveCfg = Release|Any CPU
		{1520D672-A4EC-4EC6-B5C8-5544B92429FB}.Release|Any CPU.Build.0 = Release|Any CPU
		{1520D672-A4EC-4EC6-B5C8-5544B92429FB}.Release|Any CPU.Deploy.0 = Release|Any CPU
	EndGlobalSection
	GlobalSection(SolutionProperties) = preSolution
		HideSolutionNode = FALSE
	EndGlobalSection
	GlobalSection(ExtensibilityGlobals) = postSolution
		SolutionGuid = {F1BF0A95-3816-4A2D-82C7-B172B489539A}
	EndGlobalSection
EndGlobal
